
Microsoft Visual Studio Solution File, Format Version 12.00
# Visual Studio Version 17
VisualStudioVersion = 17.13.35931.197 d17.13
MinimumVisualStudioVersion = 10.0.40219.1
Project("{FAE04EC0-301F-11D3-BF4B-00C04F79EFBC}") = "TaksimetreUygulamasi", "TaksimetreUygulamasi\TaksimetreUygulamasi.csproj", "{7E531A8B-BE0D-4703-806C-0C9A5CB94D28}"
EndProject
Global
	GlobalSection(SolutionConfigurationPlatforms) = preSolution
		Debug|Any CPU = Debug|Any CPU
		Release|Any CPU = Release|Any CPU
	EndGlobalSection
	GlobalSection(ProjectConfigurationPlatforms) = postSolution
		{7E531A8B-BE0D-4703-806C-0C9A5CB94D28}.Debug|Any CPU.ActiveCfg = Debug|Any CPU
		{7E531A8B-BE0D-4703-806C-0C9A5CB94D28}.Debug|Any CPU.Build.0 = Debug|Any CPU
		{7E531A8B-BE0D-4703-806C-0C9A5CB94D28}.Release|Any CPU.ActiveCfg = Release|Any CPU
		{7E531A8B-BE0D-4703-806C-0C9A5CB94D28}.Release|Any CPU.Build.0 = Release|Any CPU
	EndGlobalSection
	GlobalSection(SolutionProperties) = preSolution
		HideSolutionNode = FALSE
	EndGlobalSection
	GlobalSection(ExtensibilityGlobals) = postSolution
		SolutionGuid = {5785A6E1-59A4-43E1-8FB7-175E49C2896A}
	EndGlobalSection
EndGlobal
